
Microsoft Visual Studio Solution File, Format Version 12.00
# Visual Studio Version 17
VisualStudioVersion = 17.5.33414.496
MinimumVisualStudioVersion = 10.0.40219.1
Project("{FAE04EC0-301F-11D3-BF4B-00C04F79EFBC}") = "NumeroImparOuPar", "NumeroImparOuPar\NumeroImparOuPar.csproj", "{EE1C2779-1468-4859-AFE6-DB188CD2866E}"
EndProject
Global
	GlobalSection(SolutionConfigurationPlatforms) = preSolution
		Debug|Any CPU = Debug|Any CPU
		Release|Any CPU = Release|Any CPU
	EndGlobalSection
	GlobalSection(ProjectConfigurationPlatforms) = postSolution
		{EE1C2779-1468-4859-AFE6-DB188CD2866E}.Debug|Any CPU.ActiveCfg = Debug|Any CPU
		{EE1C2779-1468-4859-AFE6-DB188CD2866E}.Debug|Any CPU.Build.0 = Debug|Any CPU
		{EE1C2779-1468-4859-AFE6-DB188CD2866E}.Release|Any CPU.ActiveCfg = Release|Any CPU
		{EE1C2779-1468-4859-AFE6-DB188CD2866E}.Release|Any CPU.Build.0 = Release|Any CPU
	EndGlobalSection
	GlobalSection(SolutionProperties) = preSolution
		HideSolutionNode = FALSE
	EndGlobalSection
	GlobalSection(ExtensibilityGlobals) = postSolution
		SolutionGuid = {AECB126E-9857-423C-9D76-C3A88803BC38}
	EndGlobalSection
EndGlobal
